
Microsoft Visual Studio Solution File, Format Version 12.00
# Visual Studio Version 17
VisualStudioVersion = 17.4.33122.133
MinimumVisualStudioVersion = 10.0.40219.1
Project("{FAE04EC0-301F-11D3-BF4B-00C04F79EFBC}") = "Matrix", "Matrix.csproj", "{DB1CE444-5A6D-4F53-ADB1-259916532C0E}"
EndProject
Global
	GlobalSection(SolutionConfigurationPlatforms) = preSolution
		Debug|Any CPU = Debug|Any CPU
		Release|Any CPU = Release|Any CPU
	EndGlobalSection
	GlobalSection(ProjectConfigurationPlatforms) = postSolution
		{DB1CE444-5A6D-4F53-ADB1-259916532C0E}.Debug|Any CPU.ActiveCfg = Debug|Any CPU
		{DB1CE444-5A6D-4F53-ADB1-259916532C0E}.Debug|Any CPU.Build.0 = Debug|Any CPU
		{DB1CE444-5A6D-4F53-ADB1-259916532C0E}.Release|Any CPU.ActiveCfg = Release|Any CPU
		{DB1CE444-5A6D-4F53-ADB1-259916532C0E}.Release|Any CPU.Build.0 = Release|Any CPU
	EndGlobalSection
	GlobalSection(SolutionProperties) = preSolution
		HideSolutionNode = FALSE
	EndGlobalSection
	GlobalSection(ExtensibilityGlobals) = postSolution
		SolutionGuid = {BCC7ADF3-5DC7-4C1B-89B5-541CC1774482}
	EndGlobalSection
EndGlobal
