
Microsoft Visual Studio Solution File, Format Version 12.00
# Visual Studio Version 17
VisualStudioVersion = 17.3.32929.385
MinimumVisualStudioVersion = 10.0.40219.1
Project("{FAE04EC0-301F-11D3-BF4B-00C04F79EFBC}") = "foobar", "foobar.csproj", "{28A9F214-FCB2-43BD-BD01-43060391F582}"
EndProject
Global
	GlobalSection(SolutionConfigurationPlatforms) = preSolution
		Debug|Any CPU = Debug|Any CPU
		Release|Any CPU = Release|Any CPU
	EndGlobalSection
	GlobalSection(ProjectConfigurationPlatforms) = postSolution
		{28A9F214-FCB2-43BD-BD01-43060391F582}.Debug|Any CPU.ActiveCfg = Debug|Any CPU
		{28A9F214-FCB2-43BD-BD01-43060391F582}.Debug|Any CPU.Build.0 = Debug|Any CPU
		{28A9F214-FCB2-43BD-BD01-43060391F582}.Release|Any CPU.ActiveCfg = Release|Any CPU
		{28A9F214-FCB2-43BD-BD01-43060391F582}.Release|Any CPU.Build.0 = Release|Any CPU
	EndGlobalSection
	GlobalSection(SolutionProperties) = preSolution
		HideSolutionNode = FALSE
	EndGlobalSection
	GlobalSection(ExtensibilityGlobals) = postSolution
		SolutionGuid = {23D8B2BA-398F-4636-B8CE-55A208D4FFC5}
	EndGlobalSection
EndGlobal
