
Microsoft Visual Studio Solution File, Format Version 12.00
# Visual Studio Version 17
VisualStudioVersion = 17.3.32929.385
MinimumVisualStudioVersion = 10.0.40219.1
Project("{FAE04EC0-301F-11D3-BF4B-00C04F79EFBC}") = "BaseNamer", "BaseNamer.csproj", "{CFFC249F-C45A-4ED2-A0C9-F1B50C647E1B}"
EndProject
Global
	GlobalSection(SolutionConfigurationPlatforms) = preSolution
		Debug|Any CPU = Debug|Any CPU
		Release|Any CPU = Release|Any CPU
	EndGlobalSection
	GlobalSection(ProjectConfigurationPlatforms) = postSolution
		{CFFC249F-C45A-4ED2-A0C9-F1B50C647E1B}.Debug|Any CPU.ActiveCfg = Debug|Any CPU
		{CFFC249F-C45A-4ED2-A0C9-F1B50C647E1B}.Debug|Any CPU.Build.0 = Debug|Any CPU
		{CFFC249F-C45A-4ED2-A0C9-F1B50C647E1B}.Release|Any CPU.ActiveCfg = Release|Any CPU
		{CFFC249F-C45A-4ED2-A0C9-F1B50C647E1B}.Release|Any CPU.Build.0 = Release|Any CPU
	EndGlobalSection
	GlobalSection(SolutionProperties) = preSolution
		HideSolutionNode = FALSE
	EndGlobalSection
	GlobalSection(ExtensibilityGlobals) = postSolution
		SolutionGuid = {3DDBF30B-DE34-4540-94F1-94754D4991FA}
	EndGlobalSection
EndGlobal
